
Microsoft Visual Studio Solution File, Format Version 12.00
# Visual Studio Version 17
VisualStudioVersion = 17.7.34202.233
MinimumVisualStudioVersion = 10.0.40219.1
Project("{9A19103F-16F7-4668-BE54-9A1E7A4F7556}") = "Notabledle", "Notabledle\Notabledle.csproj", "{4A0E03F0-1CE0-43A4-8A84-C0C302383C0E}"
EndProject
Project("{9A19103F-16F7-4668-BE54-9A1E7A4F7556}") = "NotabledleScraper", "NotabledleScraper\NotabledleScraper.csproj", "{55193157-C2FB-4E8C-9D9D-256F82FF418C}"
EndProject
Project("{9A19103F-16F7-4668-BE54-9A1E7A4F7556}") = "Notabledle.Test", "Notabledle.Test\Notabledle.Test.csproj", "{04AC4349-2A9D-437E-98FC-32903C89972C}"
EndProject
Project("{9A19103F-16F7-4668-BE54-9A1E7A4F7556}") = "NotableImageScraper", "NotableImageScraper\NotableImageScraper.csproj", "{8A2D7FB4-D389-4F2A-8417-8538B6725D34}"
	ProjectSection(ProjectDependencies) = postProject
		{55193157-C2FB-4E8C-9D9D-256F82FF418C} = {55193157-C2FB-4E8C-9D9D-256F82FF418C}
	EndProjectSection
EndProject
Global
	GlobalSection(SolutionConfigurationPlatforms) = preSolution
		Debug|Any CPU = Debug|Any CPU
		Release|Any CPU = Release|Any CPU
	EndGlobalSection
	GlobalSection(ProjectConfigurationPlatforms) = postSolution
		{4A0E03F0-1CE0-43A4-8A84-C0C302383C0E}.Debug|Any CPU.ActiveCfg = Debug|Any CPU
		{4A0E03F0-1CE0-43A4-8A84-C0C302383C0E}.Debug|Any CPU.Build.0 = Debug|Any CPU
		{4A0E03F0-1CE0-43A4-8A84-C0C302383C0E}.Release|Any CPU.ActiveCfg = Release|Any CPU
		{4A0E03F0-1CE0-43A4-8A84-C0C302383C0E}.Release|Any CPU.Build.0 = Release|Any CPU
		{55193157-C2FB-4E8C-9D9D-256F82FF418C}.Debug|Any CPU.ActiveCfg = Debug|Any CPU
		{55193157-C2FB-4E8C-9D9D-256F82FF418C}.Debug|Any CPU.Build.0 = Debug|Any CPU
		{55193157-C2FB-4E8C-9D9D-256F82FF418C}.Release|Any CPU.ActiveCfg = Release|Any CPU
		{55193157-C2FB-4E8C-9D9D-256F82FF418C}.Release|Any CPU.Build.0 = Release|Any CPU
		{04AC4349-2A9D-437E-98FC-32903C89972C}.Debug|Any CPU.ActiveCfg = Debug|Any CPU
		{04AC4349-2A9D-437E-98FC-32903C89972C}.Debug|Any CPU.Build.0 = Debug|Any CPU
		{04AC4349-2A9D-437E-98FC-32903C89972C}.Release|Any CPU.ActiveCfg = Release|Any CPU
		{04AC4349-2A9D-437E-98FC-32903C89972C}.Release|Any CPU.Build.0 = Release|Any CPU
		{8A2D7FB4-D389-4F2A-8417-8538B6725D34}.Debug|Any CPU.ActiveCfg = Debug|Any CPU
		{8A2D7FB4-D389-4F2A-8417-8538B6725D34}.Debug|Any CPU.Build.0 = Debug|Any CPU
		{8A2D7FB4-D389-4F2A-8417-8538B6725D34}.Release|Any CPU.ActiveCfg = Release|Any CPU
		{8A2D7FB4-D389-4F2A-8417-8538B6725D34}.Release|Any CPU.Build.0 = Release|Any CPU
	EndGlobalSection
	GlobalSection(SolutionProperties) = preSolution
		HideSolutionNode = FALSE
	EndGlobalSection
	GlobalSection(ExtensibilityGlobals) = postSolution
		SolutionGuid = {9DFB50DF-0D0D-4659-A578-0819AB968CBB}
	EndGlobalSection
EndGlobal
